// !$*UTF8*$!
{
	archiveVersion = 1;
	classes = {
	};
	objectVersion = 50;
	objects = {

/* Begin PBXBuildFile section */
		06D9E69CE63BDE6CFBF513B5 /* Pods_Smack.framework in Frameworks */ = {isa = PBXBuildFile; fileRef = E515DA620733DB578A6067F2 /* Pods_Smack.framework */; };
		F1EBDF242147FB3A00C615BB /* AppDelegate.swift in Sources */ = {isa = PBXBuildFile; fileRef = F1EBDF232147FB3A00C615BB /* AppDelegate.swift */; };
		F1EBDF292147FB3A00C615BB /* Main.storyboard in Resources */ = {isa = PBXBuildFile; fileRef = F1EBDF272147FB3A00C615BB /* Main.storyboard */; };
		F1EBDF2B2147FB3D00C615BB /* Assets.xcassets in Resources */ = {isa = PBXBuildFile; fileRef = F1EBDF2A2147FB3D00C615BB /* Assets.xcassets */; };
		F1EBDF2E2147FB3D00C615BB /* LaunchScreen.storyboard in Resources */ = {isa = PBXBuildFile; fileRef = F1EBDF2C2147FB3D00C615BB /* LaunchScreen.storyboard */; };
		F1EBDF392148028D00C615BB /* SWRevealViewController.m in Sources */ = {isa = PBXBuildFile; fileRef = F1EBDF382148028D00C615BB /* SWRevealViewController.m */; };
		F1EBDF3E214806E000C615BB /* ChatVC.swift in Sources */ = {isa = PBXBuildFile; fileRef = F1EBDF3D214806E000C615BB /* ChatVC.swift */; };
		F1EBDF402148070A00C615BB /* ChannelVC.swift in Sources */ = {isa = PBXBuildFile; fileRef = F1EBDF3F2148070A00C615BB /* ChannelVC.swift */; };
		F1EBDF422148100E00C615BB /* GradientView.swift in Sources */ = {isa = PBXBuildFile; fileRef = F1EBDF412148100E00C615BB /* GradientView.swift */; };
		F1EBDF452148278100C615BB /* Constants.swift in Sources */ = {isa = PBXBuildFile; fileRef = F1EBDF442148278100C615BB /* Constants.swift */; };
		F1EBDF4721482F2C00C615BB /* LoginVC.swift in Sources */ = {isa = PBXBuildFile; fileRef = F1EBDF4621482F2C00C615BB /* LoginVC.swift */; };
		F1EBDF492148319400C615BB /* CreateVC.swift in Sources */ = {isa = PBXBuildFile; fileRef = F1EBDF482148319400C615BB /* CreateVC.swift */; };
/* End PBXBuildFile section */

/* Begin PBXFileReference section */
		30A5BA1CAA0F6739AF552C1D /* Pods-Smack.release.xcconfig */ = {isa = PBXFileReference; includeInIndex = 1; lastKnownFileType = text.xcconfig; name = "Pods-Smack.release.xcconfig"; path = "Pods/Target Support Files/Pods-Smack/Pods-Smack.release.xcconfig"; sourceTree = "<group>"; };
		751352579AE3FBAC3198C9AE /* Pods-Smack.debug.xcconfig */ = {isa = PBXFileReference; includeInIndex = 1; lastKnownFileType = text.xcconfig; name = "Pods-Smack.debug.xcconfig"; path = "Pods/Target Support Files/Pods-Smack/Pods-Smack.debug.xcconfig"; sourceTree = "<group>"; };
		E515DA620733DB578A6067F2 /* Pods_Smack.framework */ = {isa = PBXFileReference; explicitFileType = wrapper.framework; includeInIndex = 0; path = Pods_Smack.framework; sourceTree = BUILT_PRODUCTS_DIR; };
		F1EBDF202147FB3A00C615BB /* Smack.app */ = {isa = PBXFileReference; explicitFileType = wrapper.application; includeInIndex = 0; path = Smack.app; sourceTree = BUILT_PRODUCTS_DIR; };
		F1EBDF232147FB3A00C615BB /* AppDelegate.swift */ = {isa = PBXFileReference; lastKnownFileType = sourcecode.swift; path = AppDelegate.swift; sourceTree = "<group>"; };
		F1EBDF282147FB3A00C615BB /* Base */ = {isa = PBXFileReference; lastKnownFileType = file.storyboard; name = Base; path = Base.lproj/Main.storyboard; sourceTree = "<group>"; };
		F1EBDF2A2147FB3D00C615BB /* Assets.xcassets */ = {isa = PBXFileReference; lastKnownFileType = folder.assetcatalog; path = Assets.xcassets; sourceTree = "<group>"; };
		F1EBDF2D2147FB3D00C615BB /* Base */ = {isa = PBXFileReference; lastKnownFileType = file.storyboard; name = Base; path = Base.lproj/LaunchScreen.storyboard; sourceTree = "<group>"; };
		F1EBDF2F2147FB3D00C615BB /* Info.plist */ = {isa = PBXFileReference; lastKnownFileType = text.plist.xml; path = Info.plist; sourceTree = "<group>"; };
		F1EBDF362148028B00C615BB /* Smack-Bridging-Header.h */ = {isa = PBXFileReference; lastKnownFileType = sourcecode.c.h; path = "Smack-Bridging-Header.h"; sourceTree = "<group>"; };
		F1EBDF372148028D00C615BB /* SWRevealViewController.h */ = {isa = PBXFileReference; fileEncoding = 4; lastKnownFileType = sourcecode.c.h; path = SWRevealViewController.h; sourceTree = "<group>"; };
		F1EBDF382148028D00C615BB /* SWRevealViewController.m */ = {isa = PBXFileReference; fileEncoding = 4; lastKnownFileType = sourcecode.c.objc; path = SWRevealViewController.m; sourceTree = "<group>"; };
		F1EBDF3D214806E000C615BB /* ChatVC.swift */ = {isa = PBXFileReference; lastKnownFileType = sourcecode.swift; path = ChatVC.swift; sourceTree = "<group>"; };
		F1EBDF3F2148070A00C615BB /* ChannelVC.swift */ = {isa = PBXFileReference; lastKnownFileType = sourcecode.swift; path = ChannelVC.swift; sourceTree = "<group>"; };
		F1EBDF412148100E00C615BB /* GradientView.swift */ = {isa = PBXFileReference; lastKnownFileType = sourcecode.swift; path = GradientView.swift; sourceTree = "<group>"; };
		F1EBDF442148278100C615BB /* Constants.swift */ = {isa = PBXFileReference; lastKnownFileType = sourcecode.swift; path = Constants.swift; sourceTree = "<group>"; };
		F1EBDF4621482F2C00C615BB /* LoginVC.swift */ = {isa = PBXFileReference; lastKnownFileType = sourcecode.swift; path = LoginVC.swift; sourceTree = "<group>"; };
		F1EBDF482148319400C615BB /* CreateVC.swift */ = {isa = PBXFileReference; lastKnownFileType = sourcecode.swift; path = CreateVC.swift; sourceTree = "<group>"; };
/* End PBXFileReference section */

/* Begin PBXFrameworksBuildPhase section */
		F1EBDF1D2147FB3A00C615BB /* Frameworks */ = {
			isa = PBXFrameworksBuildPhase;
			buildActionMask = 2147483647;
			files = (
				06D9E69CE63BDE6CFBF513B5 /* Pods_Smack.framework in Frameworks */,
			);
			runOnlyForDeploymentPostprocessing = 0;
		};
/* End PBXFrameworksBuildPhase section */

/* Begin PBXGroup section */
		BE0026224DF1A0FA1F178EF2 /* Pods */ = {
			isa = PBXGroup;
			children = (
				751352579AE3FBAC3198C9AE /* Pods-Smack.debug.xcconfig */,
				30A5BA1CAA0F6739AF552C1D /* Pods-Smack.release.xcconfig */,
			);
			name = Pods;
			sourceTree = "<group>";
		};
		F1EBDF172147FB3A00C615BB = {
			isa = PBXGroup;
			children = (
				F1EBDF432148275100C615BB /* Utilities */,
				F1EBDF3B2148067C00C615BB /* Model */,
				F1EBDF3C2148068500C615BB /* View */,
				F1EBDF3A2148064B00C615BB /* Controller */,
				F1EBDF352148024800C615BB /* Suporting File */,
				F1EBDF222147FB3A00C615BB /* Smack */,
				F1EBDF212147FB3A00C615BB /* Products */,
				BE0026224DF1A0FA1F178EF2 /* Pods */,
				FB9E2E4D3EA7FF2114281E91 /* Frameworks */,
			);
			sourceTree = "<group>";
		};
		F1EBDF212147FB3A00C615BB /* Products */ = {
			isa = PBXGroup;
			children = (
				F1EBDF202147FB3A00C615BB /* Smack.app */,
			);
			name = Products;
			sourceTree = "<group>";
		};
		F1EBDF222147FB3A00C615BB /* Smack */ = {
			isa = PBXGroup;
			children = (
				F1EBDF232147FB3A00C615BB /* AppDelegate.swift */,
				F1EBDF272147FB3A00C615BB /* Main.storyboard */,
				F1EBDF2A2147FB3D00C615BB /* Assets.xcassets */,
				F1EBDF2C2147FB3D00C615BB /* LaunchScreen.storyboard */,
				F1EBDF2F2147FB3D00C615BB /* Info.plist */,
			);
			path = Smack;
			sourceTree = "<group>";
		};
		F1EBDF352148024800C615BB /* Suporting File */ = {
			isa = PBXGroup;
			children = (
				F1EBDF372148028D00C615BB /* SWRevealViewController.h */,
				F1EBDF382148028D00C615BB /* SWRevealViewController.m */,
				F1EBDF362148028B00C615BB /* Smack-Bridging-Header.h */,
			);
			path = "Suporting File";
			sourceTree = "<group>";
		};
		F1EBDF3A2148064B00C615BB /* Controller */ = {
			isa = PBXGroup;
			children = (
				F1EBDF3D214806E000C615BB /* ChatVC.swift */,
				F1EBDF4621482F2C00C615BB /* LoginVC.swift */,
				F1EBDF3F2148070A00C615BB /* ChannelVC.swift */,
				F1EBDF482148319400C615BB /* CreateVC.swift */,
			);
			path = Controller;
			sourceTree = "<group>";
		};
		F1EBDF3B2148067C00C615BB /* Model */ = {
			isa = PBXGroup;
			children = (
			);
			path = Model;
			sourceTree = "<group>";
		};
		F1EBDF3C2148068500C615BB /* View */ = {
			isa = PBXGroup;
			children = (
				F1EBDF412148100E00C615BB /* GradientView.swift */,
			);
			path = View;
			sourceTree = "<group>";
		};
		F1EBDF432148275100C615BB /* Utilities */ = {
			isa = PBXGroup;
			children = (
				F1EBDF442148278100C615BB /* Constants.swift */,
			);
			path = Utilities;
			sourceTree = "<group>";
		};
		FB9E2E4D3EA7FF2114281E91 /* Frameworks */ = {
			isa = PBXGroup;
			children = (
				E515DA620733DB578A6067F2 /* Pods_Smack.framework */,
			);
			name = Frameworks;
			sourceTree = "<group>";
		};
/* End PBXGroup section */

/* Begin PBXNativeTarget section */
		F1EBDF1F2147FB3A00C615BB /* Smack */ = {
			isa = PBXNativeTarget;
			buildConfigurationList = F1EBDF322147FB3D00C615BB /* Build configuration list for PBXNativeTarget "Smack" */;
			buildPhases = (
				715499AD64519007DE51CA84 /* [CP] Check Pods Manifest.lock */,
				F1EBDF1C2147FB3A00C615BB /* Sources */,
				F1EBDF1D2147FB3A00C615BB /* Frameworks */,
				F1EBDF1E2147FB3A00C615BB /* Resources */,
				A7E00F1B97FA910276F84975 /* [CP] Embed Pods Frameworks */,
			);
			buildRules = (
			);
			dependencies = (
			);
			name = Smack;
			productName = Smack;
			productReference = F1EBDF202147FB3A00C615BB /* Smack.app */;
			productType = "com.apple.product-type.application";
		};
/* End PBXNativeTarget section */

/* Begin PBXProject section */
		F1EBDF182147FB3A00C615BB /* Project object */ = {
			isa = PBXProject;
			attributes = {
				LastSwiftUpdateCheck = 0940;
				LastUpgradeCheck = 0940;
				ORGANIZATIONNAME = nProject;
				TargetAttributes = {
					F1EBDF1F2147FB3A00C615BB = {
						CreatedOnToolsVersion = 9.4.1;
						LastSwiftMigration = 0940;
					};
				};
			};
			buildConfigurationList = F1EBDF1B2147FB3A00C615BB /* Build configuration list for PBXProject "Smack" */;
			compatibilityVersion = "Xcode 9.3";
			developmentRegion = en;
			hasScannedForEncodings = 0;
			knownRegions = (
				en,
				Base,
			);
			mainGroup = F1EBDF172147FB3A00C615BB;
			productRefGroup = F1EBDF212147FB3A00C615BB /* Products */;
			projectDirPath = "";
			projectRoot = "";
			targets = (
				F1EBDF1F2147FB3A00C615BB /* Smack */,
			);
		};
/* End PBXProject section */

/* Begin PBXResourcesBuildPhase section */
		F1EBDF1E2147FB3A00C615BB /* Resources */ = {
			isa = PBXResourcesBuildPhase;
			buildActionMask = 2147483647;
			files = (
				F1EBDF2E2147FB3D00C615BB /* LaunchScreen.storyboard in Resources */,
				F1EBDF2B2147FB3D00C615BB /* Assets.xcassets in Resources */,
				F1EBDF292147FB3A00C615BB /* Main.storyboard in Resources */,
			);
			runOnlyForDeploymentPostprocessing = 0;
		};
/* End PBXResourcesBuildPhase section */

/* Begin PBXShellScriptBuildPhase section */
		715499AD64519007DE51CA84 /* [CP] Check Pods Manifest.lock */ = {
			isa = PBXShellScriptBuildPhase;
			buildActionMask = 2147483647;
			files = (
			);
			inputPaths = (
				"${PODS_PODFILE_DIR_PATH}/Podfile.lock",
				"${PODS_ROOT}/Manifest.lock",
			);
			name = "[CP] Check Pods Manifest.lock";
			outputPaths = (
				"$(DERIVED_FILE_DIR)/Pods-Smack-checkManifestLockResult.txt",
			);
			runOnlyForDeploymentPostprocessing = 0;
			shellPath = /bin/sh;
			shellScript = "diff \"${PODS_PODFILE_DIR_PATH}/Podfile.lock\" \"${PODS_ROOT}/Manifest.lock\" > /dev/null\nif [ $? != 0 ] ; then\n    # print error to STDERR\n    echo \"error: The sandbox is not in sync with the Podfile.lock. Run 'pod install' or update your CocoaPods installation.\" >&2\n    exit 1\nfi\n# This output is used by Xcode 'outputs' to avoid re-running this script phase.\necho \"SUCCESS\" > \"${SCRIPT_OUTPUT_FILE_0}\"\n";
			showEnvVarsInLog = 0;
		};
		A7E00F1B97FA910276F84975 /* [CP] Embed Pods Frameworks */ = {
			isa = PBXShellScriptBuildPhase;
			buildActionMask = 2147483647;
			files = (
			);
			inputPaths = (
				"${SRCROOT}/Pods/Target Support Files/Pods-Smack/Pods-Smack-frameworks.sh",
				"${BUILT_PRODUCTS_DIR}/Alamofire/Alamofire.framework",
				"${BUILT_PRODUCTS_DIR}/Socket.IO-Client-Swift/SocketIO.framework",
				"${BUILT_PRODUCTS_DIR}/Starscream/Starscream.framework",
				"${BUILT_PRODUCTS_DIR}/SwiftyJSON/SwiftyJSON.framework",
			);
			name = "[CP] Embed Pods Frameworks";
			outputPaths = (
				"${TARGET_BUILD_DIR}/${FRAMEWORKS_FOLDER_PATH}/Alamofire.framework",
				"${TARGET_BUILD_DIR}/${FRAMEWORKS_FOLDER_PATH}/SocketIO.framework",
				"${TARGET_BUILD_DIR}/${FRAMEWORKS_FOLDER_PATH}/Starscream.framework",
				"${TARGET_BUILD_DIR}/${FRAMEWORKS_FOLDER_PATH}/SwiftyJSON.framework",
			);
			runOnlyForDeploymentPostprocessing = 0;
			shellPath = /bin/sh;
			shellScript = "\"${SRCROOT}/Pods/Target Support Files/Pods-Smack/Pods-Smack-frameworks.sh\"\n";
			showEnvVarsInLog = 0;
		};
/* End PBXShellScriptBuildPhase section */

/* Begin PBXSourcesBuildPhase section */
		F1EBDF1C2147FB3A00C615BB /* Sources */ = {
			isa = PBXSourcesBuildPhase;
			buildActionMask = 2147483647;
			files = (
				F1EBDF402148070A00C615BB /* ChannelVC.swift in Sources */,
				F1EBDF3E214806E000C615BB /* ChatVC.swift in Sources */,
				F1EBDF4721482F2C00C615BB /* LoginVC.swift in Sources */,
				F1EBDF422148100E00C615BB /* GradientView.swift in Sources */,
				F1EBDF242147FB3A00C615BB /* AppDelegate.swift in Sources */,
				F1EBDF392148028D00C615BB /* SWRevealViewController.m in Sources */,
				F1EBDF492148319400C615BB /* CreateVC.swift in Sources */,
				F1EBDF452148278100C615BB /* Constants.swift in Sources */,
			);
			runOnlyForDeploymentPostprocessing = 0;
		};
/* End PBXSourcesBuildPhase section */

/* Begin PBXVariantGroup section */
		F1EBDF272147FB3A00C615BB /* Main.storyboard */ = {
			isa = PBXVariantGroup;
			children = (
				F1EBDF282147FB3A00C615BB /* Base */,
			);
			name = Main.storyboard;
			sourceTree = "<group>";
		};
		F1EBDF2C2147FB3D00C615BB /* LaunchScreen.storyboard */ = {
			isa = PBXVariantGroup;
			children = (
				F1EBDF2D2147FB3D00C615BB /* Base */,
			);
			name = LaunchScreen.storyboard;
			sourceTree = "<group>";
		};
/* End PBXVariantGroup section */

/* Begin XCBuildConfiguration section */
		F1EBDF302147FB3D00C615BB /* Debug */ = {
			isa = XCBuildConfiguration;
			buildSettings = {
				ALWAYS_SEARCH_USER_PATHS = NO;
				CLANG_ANALYZER_NONNULL = YES;
				CLANG_ANALYZER_NUMBER_OBJECT_CONVERSION = YES_AGGRESSIVE;
				CLANG_CXX_LANGUAGE_STANDARD = "gnu++14";
				CLANG_CXX_LIBRARY = "libc++";
				CLANG_ENABLE_MODULES = YES;
				CLANG_ENABLE_OBJC_ARC = YES;
				CLANG_ENABLE_OBJC_WEAK = YES;
				CLANG_WARN_BLOCK_CAPTURE_AUTORELEASING = YES;
				CLANG_WARN_BOOL_CONVERSION = YES;
				CLANG_WARN_COMMA = YES;
				CLANG_WARN_CONSTANT_CONVERSION = YES;
				CLANG_WARN_DEPRECATED_OBJC_IMPLEMENTATIONS = YES;
				CLANG_WARN_DIRECT_OBJC_ISA_USAGE = YES_ERROR;
				CLANG_WARN_DOCUMENTATION_COMMENTS = YES;
				CLANG_WARN_EMPTY_BODY = YES;
				CLANG_WARN_ENUM_CONVERSION = YES;
				CLANG_WARN_INFINITE_RECURSION = YES;
				CLANG_WARN_INT_CONVERSION = YES;
				CLANG_WARN_NON_LITERAL_NULL_CONVERSION = YES;
				CLANG_WARN_OBJC_IMPLICIT_RETAIN_SELF = YES;
				CLANG_WARN_OBJC_LITERAL_CONVERSION = YES;
				CLANG_WARN_OBJC_ROOT_CLASS = YES_ERROR;
				CLANG_WARN_RANGE_LOOP_ANALYSIS = YES;
				CLANG_WARN_STRICT_PROTOTYPES = YES;
				CLANG_WARN_SUSPICIOUS_MOVE = YES;
				CLANG_WARN_UNGUARDED_AVAILABILITY = YES_AGGRESSIVE;
				CLANG_WARN_UNREACHABLE_CODE = YES;
				CLANG_WARN__DUPLICATE_METHOD_MATCH = YES;
				CODE_SIGN_IDENTITY = "iPhone Developer";
				COPY_PHASE_STRIP = NO;
				DEBUG_INFORMATION_FORMAT = dwarf;
				ENABLE_STRICT_OBJC_MSGSEND = YES;
				ENABLE_TESTABILITY = YES;
				GCC_C_LANGUAGE_STANDARD = gnu11;
				GCC_DYNAMIC_NO_PIC = NO;
				GCC_NO_COMMON_BLOCKS = YES;
				GCC_OPTIMIZATION_LEVEL = 0;
				GCC_PREPROCESSOR_DEFINITIONS = (
					"DEBUG=1",
					"$(inherited)",
				);
				GCC_WARN_64_TO_32_BIT_CONVERSION = YES;
				GCC_WARN_ABOUT_RETURN_TYPE = YES_ERROR;
				GCC_WARN_UNDECLARED_SELECTOR = YES;
				GCC_WARN_UNINITIALIZED_AUTOS = YES_AGGRESSIVE;
				GCC_WARN_UNUSED_FUNCTION = YES;
				GCC_WARN_UNUSED_VARIABLE = YES;
				IPHONEOS_DEPLOYMENT_TARGET = 11.4;
				MTL_ENABLE_DEBUG_INFO = YES;
				ONLY_ACTIVE_ARCH = YES;
				SDKROOT = iphoneos;
				SWIFT_ACTIVE_COMPILATION_CONDITIONS = DEBUG;
				SWIFT_OPTIMIZATION_LEVEL = "-Onone";
			};
			name = Debug;
		};
		F1EBDF312147FB3D00C615BB /* Release */ = {
			isa = XCBuildConfiguration;
			buildSettings = {
				ALWAYS_SEARCH_USER_PATHS = NO;
				CLANG_ANALYZER_NONNULL = YES;
				CLANG_ANALYZER_NUMBER_OBJECT_CONVERSION = YES_AGGRESSIVE;
				CLANG_CXX_LANGUAGE_STANDARD = "gnu++14";
				CLANG_CXX_LIBRARY = "libc++";
				CLANG_ENABLE_MODULES = YES;
				CLANG_ENABLE_OBJC_ARC = YES;
				CLANG_ENABLE_OBJC_WEAK = YES;
				CLANG_WARN_BLOCK_CAPTURE_AUTORELEASING = YES;
				CLANG_WARN_BOOL_CONVERSION = YES;
				CLANG_WARN_COMMA = YES;
				CLANG_WARN_CONSTANT_CONVERSION = YES;
				CLANG_WARN_DEPRECATED_OBJC_IMPLEMENTATIONS = YES;
				CLANG_WARN_DIRECT_OBJC_ISA_USAGE = YES_ERROR;
				CLANG_WARN_DOCUMENTATION_COMMENTS = YES;
				CLANG_WARN_EMPTY_BODY = YES;
				CLANG_WARN_ENUM_CONVERSION = YES;
				CLANG_WARN_INFINITE_RECURSION = YES;
				CLANG_WARN_INT_CONVERSION = YES;
				CLANG_WARN_NON_LITERAL_NULL_CONVERSION = YES;
				CLANG_WARN_OBJC_IMPLICIT_RETAIN_SELF = YES;
				CLANG_WARN_OBJC_LITERAL_CONVERSION = YES;
				CLANG_WARN_OBJC_ROOT_CLASS = YES_ERROR;
				CLANG_WARN_RANGE_LOOP_ANALYSIS = YES;
				CLANG_WARN_STRICT_PROTOTYPES = YES;
				CLANG_WARN_SUSPICIOUS_MOVE = YES;
				CLANG_WARN_UNGUARDED_AVAILABILITY = YES_AGGRESSIVE;
				CLANG_WARN_UNREACHABLE_CODE = YES;
				CLANG_WARN__DUPLICATE_METHOD_MATCH = YES;
				CODE_SIGN_IDENTITY = "iPhone Developer";
				COPY_PHASE_STRIP = NO;
				DEBUG_INFORMATION_FORMAT = "dwarf-with-dsym";
				ENABLE_NS_ASSERTIONS = NO;
				ENABLE_STRICT_OBJC_MSGSEND = YES;
				GCC_C_LANGUAGE_STANDARD = gnu11;
				GCC_NO_COMMON_BLOCKS = YES;
				GCC_WARN_64_TO_32_BIT_CONVERSION = YES;
				GCC_WARN_ABOUT_RETURN_TYPE = YES_ERROR;
				GCC_WARN_UNDECLARED_SELECTOR = YES;
				GCC_WARN_UNINITIALIZED_AUTOS = YES_AGGRESSIVE;
				GCC_WARN_UNUSED_FUNCTION = YES;
				GCC_WARN_UNUSED_VARIABLE = YES;
				IPHONEOS_DEPLOYMENT_TARGET = 11.4;
				MTL_ENABLE_DEBUG_INFO = NO;
				SDKROOT = iphoneos;
				SWIFT_COMPILATION_MODE = wholemodule;
				SWIFT_OPTIMIZATION_LEVEL = "-O";
				VALIDATE_PRODUCT = YES;
			};
			name = Release;
		};
		F1EBDF332147FB3D00C615BB /* Debug */ = {
			isa = XCBuildConfiguration;
			baseConfigurationReference = 751352579AE3FBAC3198C9AE /* Pods-Smack.debug.xcconfig */;
			buildSettings = {
				ASSETCATALOG_COMPILER_APPICON_NAME = AppIcon;
				CLANG_ENABLE_MODULES = YES;
				CODE_SIGN_STYLE = Automatic;
				DEVELOPMENT_TEAM = "";
				INFOPLIST_FILE = Smack/Info.plist;
				LD_RUNPATH_SEARCH_PATHS = (
					"$(inherited)",
					"@executable_path/Frameworks",
				);
				PRODUCT_BUNDLE_IDENTIFIER = devio.Smack;
				PRODUCT_NAME = "$(TARGET_NAME)";
				SWIFT_OBJC_BRIDGING_HEADER = "Suporting File/Smack-Bridging-Header.h";
				SWIFT_OPTIMIZATION_LEVEL = "-Onone";
				SWIFT_VERSION = 3.0;
				TARGETED_DEVICE_FAMILY = "1,2";
			};
			name = Debug;
		};
		F1EBDF342147FB3D00C615BB /* Release */ = {
			isa = XCBuildConfiguration;
			baseConfigurationReference = 30A5BA1CAA0F6739AF552C1D /* Pods-Smack.release.xcconfig */;
			buildSettings = {
				ASSETCATALOG_COMPILER_APPICON_NAME = AppIcon;
				CLANG_ENABLE_MODULES = YES;
				CODE_SIGN_STYLE = Automatic;
				DEVELOPMENT_TEAM = "";
				INFOPLIST_FILE = Smack/Info.plist;
				LD_RUNPATH_SEARCH_PATHS = (
					"$(inherited)",
					"@executable_path/Frameworks",
				);
				PRODUCT_BUNDLE_IDENTIFIER = devio.Smack;
				PRODUCT_NAME = "$(TARGET_NAME)";
				SWIFT_OBJC_BRIDGING_HEADER = "Suporting File/Smack-Bridging-Header.h";
				SWIFT_VERSION = 3.0;
				TARGETED_DEVICE_FAMILY = "1,2";
			};
			name = Release;
		};
/* End XCBuildConfiguration section */

/* Begin XCConfigurationList section */
		F1EBDF1B2147FB3A00C615BB /* Build configuration list for PBXProject "Smack" */ = {
			isa = XCConfigurationList;
			buildConfigurations = (
				F1EBDF302147FB3D00C615BB /* Debug */,
				F1EBDF312147FB3D00C615BB /* Release */,
			);
			defaultConfigurationIsVisible = 0;
			defaultConfigurationName = Release;
		};
		F1EBDF322147FB3D00C615BB /* Build configuration list for PBXNativeTarget "Smack" */ = {
			isa = XCConfigurationList;
			buildConfigurations = (
				F1EBDF332147FB3D00C615BB /* Debug */,
				F1EBDF342147FB3D00C615BB /* Release */,
			);
			defaultConfigurationIsVisible = 0;
			defaultConfigurationName = Release;
		};
/* End XCConfigurationList section */
	};
	rootObject = F1EBDF182147FB3A00C615BB /* Project object */;
}
